
Microsoft Visual Studio Solution File, Format Version 12.00
# Visual Studio 15
VisualStudioVersion = 15.0.28307.168
MinimumVisualStudioVersion = 10.0.40219.1
Project("{8BC9CEB8-8B4A-11D0-8D11-00A0C91BC942}") = "Pigment", "Pigment\Pigment.vcxproj", "{8DC783B9-2FDA-44FB-A10F-5E3C406062F4}"
EndProject
Project("{8BC9CEB8-8B4A-11D0-8D11-00A0C91BC942}") = "Controls", "Controls\Controls.vcxproj", "{B95970C7-B327-402B-B064-DF6179383E05}"
EndProject
Project("{8BC9CEB8-8B4A-11D0-8D11-00A0C91BC942}") = "Netcode", "Netcode\Netcode.vcxproj", "{ABA037EE-335C-4BE8-85DC-BE3D7B8D5BD7}"
EndProject
Project("{8BC9CEB8-8B4A-11D0-8D11-00A0C91BC942}") = "Garbage", "Garbage\Garbage.vcxproj", "{23A94F59-9B72-4C78-A83C-F96E94729961}"
EndProject
Global
	GlobalSection(SolutionConfigurationPlatforms) = preSolution
		Debug|x64 = Debug|x64
		Debug|x86 = Debug|x86
		Release|x64 = Release|x64
		Release|x86 = Release|x86
	EndGlobalSection
	GlobalSection(ProjectConfigurationPlatforms) = postSolution
		{8DC783B9-2FDA-44FB-A10F-5E3C406062F4}.Debug|x64.ActiveCfg = Debug|x64
		{8DC783B9-2FDA-44FB-A10F-5E3C406062F4}.Debug|x64.Build.0 = Debug|x64
		{8DC783B9-2FDA-44FB-A10F-5E3C406062F4}.Debug|x86.ActiveCfg = Debug|Win32
		{8DC783B9-2FDA-44FB-A10F-5E3C406062F4}.Debug|x86.Build.0 = Debug|Win32
		{8DC783B9-2FDA-44FB-A10F-5E3C406062F4}.Release|x64.ActiveCfg = Release|x64
		{8DC783B9-2FDA-44FB-A10F-5E3C406062F4}.Release|x64.Build.0 = Release|x64
		{8DC783B9-2FDA-44FB-A10F-5E3C406062F4}.Release|x86.ActiveCfg = Release|Win32
		{8DC783B9-2FDA-44FB-A10F-5E3C406062F4}.Release|x86.Build.0 = Release|Win32
		{B95970C7-B327-402B-B064-DF6179383E05}.Debug|x64.ActiveCfg = Debug|x64
		{B95970C7-B327-402B-B064-DF6179383E05}.Debug|x64.Build.0 = Debug|x64
		{B95970C7-B327-402B-B064-DF6179383E05}.Debug|x86.ActiveCfg = Debug|Win32
		{B95970C7-B327-402B-B064-DF6179383E05}.Debug|x86.Build.0 = Debug|Win32
		{B95970C7-B327-402B-B064-DF6179383E05}.Release|x64.ActiveCfg = Release|x64
		{B95970C7-B327-402B-B064-DF6179383E05}.Release|x64.Build.0 = Release|x64
		{B95970C7-B327-402B-B064-DF6179383E05}.Release|x86.ActiveCfg = Release|Win32
		{B95970C7-B327-402B-B064-DF6179383E05}.Release|x86.Build.0 = Release|Win32
		{ABA037EE-335C-4BE8-85DC-BE3D7B8D5BD7}.Debug|x64.ActiveCfg = Debug|x64
		{ABA037EE-335C-4BE8-85DC-BE3D7B8D5BD7}.Debug|x64.Build.0 = Debug|x64
		{ABA037EE-335C-4BE8-85DC-BE3D7B8D5BD7}.Debug|x86.ActiveCfg = Debug|Win32
		{ABA037EE-335C-4BE8-85DC-BE3D7B8D5BD7}.Debug|x86.Build.0 = Debug|Win32
		{ABA037EE-335C-4BE8-85DC-BE3D7B8D5BD7}.Release|x64.ActiveCfg = Release|x64
		{ABA037EE-335C-4BE8-85DC-BE3D7B8D5BD7}.Release|x64.Build.0 = Release|x64
		{ABA037EE-335C-4BE8-85DC-BE3D7B8D5BD7}.Release|x86.ActiveCfg = Release|Win32
		{ABA037EE-335C-4BE8-85DC-BE3D7B8D5BD7}.Release|x86.Build.0 = Release|Win32
		{23A94F59-9B72-4C78-A83C-F96E94729961}.Debug|x64.ActiveCfg = Debug|x64
		{23A94F59-9B72-4C78-A83C-F96E94729961}.Debug|x64.Build.0 = Debug|x64
		{23A94F59-9B72-4C78-A83C-F96E94729961}.Debug|x86.ActiveCfg = Debug|Win32
		{23A94F59-9B72-4C78-A83C-F96E94729961}.Debug|x86.Build.0 = Debug|Win32
		{23A94F59-9B72-4C78-A83C-F96E94729961}.Release|x64.ActiveCfg = Release|x64
		{23A94F59-9B72-4C78-A83C-F96E94729961}.Release|x64.Build.0 = Release|x64
		{23A94F59-9B72-4C78-A83C-F96E94729961}.Release|x86.ActiveCfg = Release|Win32
		{23A94F59-9B72-4C78-A83C-F96E94729961}.Release|x86.Build.0 = Release|Win32
	EndGlobalSection
	GlobalSection(SolutionProperties) = preSolution
		HideSolutionNode = FALSE
	EndGlobalSection
	GlobalSection(ExtensibilityGlobals) = postSolution
		SolutionGuid = {34489FFC-1744-4E2F-BF79-BB29F19D1F8A}
	EndGlobalSection
EndGlobal
